
Microsoft Visual Studio Solution File, Format Version 12.00
# Visual Studio Version 16
VisualStudioVersion = 16.0.30503.244
MinimumVisualStudioVersion = 10.0.40219.1
Project("{FAE04EC0-301F-11D3-BF4B-00C04F79EFBC}") = "TwitterStampMediaUploader", "TwitterStampMediaUploader\TwitterStampMediaUploader.csproj", "{8A2EC233-900C-45AA-AFC3-78A074C73AB9}"
EndProject
Global
	GlobalSection(SolutionConfigurationPlatforms) = preSolution
		Debug|Any CPU = Debug|Any CPU
		Release|Any CPU = Release|Any CPU
	EndGlobalSection
	GlobalSection(ProjectConfigurationPlatforms) = postSolution
		{8A2EC233-900C-45AA-AFC3-78A074C73AB9}.Debug|Any CPU.ActiveCfg = Debug|Any CPU
		{8A2EC233-900C-45AA-AFC3-78A074C73AB9}.Debug|Any CPU.Build.0 = Debug|Any CPU
		{8A2EC233-900C-45AA-AFC3-78A074C73AB9}.Release|Any CPU.ActiveCfg = Release|Any CPU
		{8A2EC233-900C-45AA-AFC3-78A074C73AB9}.Release|Any CPU.Build.0 = Release|Any CPU
	EndGlobalSection
	GlobalSection(SolutionProperties) = preSolution
		HideSolutionNode = FALSE
	EndGlobalSection
	GlobalSection(ExtensibilityGlobals) = postSolution
		SolutionGuid = {FFEBBA70-62C8-4EC4-B012-48A5742BBFDE}
	EndGlobalSection
EndGlobal
